
Microsoft Visual Studio Solution File, Format Version 12.00
# Visual Studio 2012
Project("{FAE04EC0-301F-11D3-BF4B-00C04F79EFBC}") = "FileEx3", "FileEx3\FileEx3.csproj", "{A4033E68-301B-4CEE-A115-FE8AA7DF7FAF}"
EndProject
Global
	GlobalSection(SolutionConfigurationPlatforms) = preSolution
		Debug|x86 = Debug|x86
		Release|x86 = Release|x86
	EndGlobalSection
	GlobalSection(ProjectConfigurationPlatforms) = postSolution
		{A4033E68-301B-4CEE-A115-FE8AA7DF7FAF}.Debug|x86.ActiveCfg = Debug|x86
		{A4033E68-301B-4CEE-A115-FE8AA7DF7FAF}.Debug|x86.Build.0 = Debug|x86
		{A4033E68-301B-4CEE-A115-FE8AA7DF7FAF}.Release|x86.ActiveCfg = Release|x86
		{A4033E68-301B-4CEE-A115-FE8AA7DF7FAF}.Release|x86.Build.0 = Release|x86
	EndGlobalSection
EndGlobal
