
Microsoft Visual Studio Solution File, Format Version 12.00
# Visual Studio 2012
Project("{FAE04EC0-301F-11D3-BF4B-00C04F79EFBC}") = "FileEx2", "FileEx2\FileEx2.csproj", "{3BF8FC5F-5371-4AB5-9621-56DB6E2E04FB}"
EndProject
Global
	GlobalSection(SolutionConfigurationPlatforms) = preSolution
		Debug|x86 = Debug|x86
		Release|x86 = Release|x86
	EndGlobalSection
	GlobalSection(ProjectConfigurationPlatforms) = postSolution
		{3BF8FC5F-5371-4AB5-9621-56DB6E2E04FB}.Debug|x86.ActiveCfg = Debug|x86
		{3BF8FC5F-5371-4AB5-9621-56DB6E2E04FB}.Debug|x86.Build.0 = Debug|x86
		{3BF8FC5F-5371-4AB5-9621-56DB6E2E04FB}.Release|x86.ActiveCfg = Release|x86
		{3BF8FC5F-5371-4AB5-9621-56DB6E2E04FB}.Release|x86.Build.0 = Release|x86
	EndGlobalSection
EndGlobal
